
Microsoft Visual Studio Solution File, Format Version 11.00
# Visual Studio 2010
Project("{FAE04EC0-301F-11D3-BF4B-00C04F79EFBC}") = "Assembly-CSharp", "Assembly-CSharp.csproj", "{34A71EB0-2936-3A2C-9C9A-8C15628211DF}"
EndProject
Project("{FAE04EC0-301F-11D3-BF4B-00C04F79EFBC}") = "Assembly-CSharp-firstpass", "Assembly-CSharp-firstpass.csproj", "{8E77F11B-9B3A-3162-B487-B72B47A7B647}"
EndProject
Global
	GlobalSection(SolutionConfigurationPlatforms) = preSolution
		Debug|Any CPU = Debug|Any CPU
		Release|Any CPU = Release|Any CPU
	EndGlobalSection
	GlobalSection(ProjectConfigurationPlatforms) = postSolution
		{34A71EB0-2936-3A2C-9C9A-8C15628211DF}.Debug|Any CPU.ActiveCfg = Debug|Any CPU
		{34A71EB0-2936-3A2C-9C9A-8C15628211DF}.Debug|Any CPU.Build.0 = Debug|Any CPU
		{34A71EB0-2936-3A2C-9C9A-8C15628211DF}.Release|Any CPU.ActiveCfg = Release|Any CPU
		{34A71EB0-2936-3A2C-9C9A-8C15628211DF}.Release|Any CPU.Build.0 = Release|Any CPU
		{8E77F11B-9B3A-3162-B487-B72B47A7B647}.Debug|Any CPU.ActiveCfg = Debug|Any CPU
		{8E77F11B-9B3A-3162-B487-B72B47A7B647}.Debug|Any CPU.Build.0 = Debug|Any CPU
		{8E77F11B-9B3A-3162-B487-B72B47A7B647}.Release|Any CPU.ActiveCfg = Release|Any CPU
		{8E77F11B-9B3A-3162-B487-B72B47A7B647}.Release|Any CPU.Build.0 = Release|Any CPU
	EndGlobalSection
	GlobalSection(SolutionProperties) = preSolution
		HideSolutionNode = FALSE
	EndGlobalSection
EndGlobal
